{
  "version": 4,
  "terraform_version": "1.5.7",
  "serial": 16,
  "lineage": "41d2d053-12c7-8277-bf65-997d531e3e0f",
  "outputs": {
    "app_id": {
      "value": "8ca573e6-d3e0-4ecb-a60b-6d05131af2f2",
      "type": "string"
    },
    "app_url": {
      "value": "https://campus-frontend-dev-kfzw3.ondigitalocean.app",
      "type": "string"
    },
    "device_service_url": {
      "value": "https://device-service-dev-hdpuf.ondigitalocean.app",
      "type": "string"
    },
    "frontend_url": {
      "value": "https://campus-frontend-dev-kfzw3.ondigitalocean.app",
      "type": "string"
    },
    "loan_service_url": {
      "value": "https://loan-service-dev-pl9od.ondigitalocean.app",
      "type": "string"
    }
  },
  "resources": [
    {
      "mode": "managed",
      "type": "digitalocean_app",
      "name": "device",
      "provider": "provider[\"registry.terraform.io/digitalocean/digitalocean\"]",
      "instances": [
        {
          "schema_version": 0,
          "attributes": {
            "active_deployment_id": "c04a5c11-965c-4e34-99d5-66d15b373471",
            "created_at": "2025-12-19 14:50:07 +0000 UTC",
            "dedicated_ips": null,
            "default_ingress": "https://device-service-dev-hdpuf.ondigitalocean.app",
            "deployment_per_page": 20,
            "id": "0fe7336c-f21f-44b3-887b-c4e7e242fa67",
            "live_domain": "device-service-dev-hdpuf.ondigitalocean.app",
            "live_url": "https://device-service-dev-hdpuf.ondigitalocean.app",
            "project_id": "de71291b-087c-4b77-bd26-16f21849f256",
            "spec": [
              {
                "alert": [],
                "database": [],
                "disable_edge_cache": false,
                "disable_email_obfuscation": false,
                "domain": [],
                "domains": [],
                "egress": [],
                "enhanced_threat_control_enabled": false,
                "env": [],
                "features": [
                  "buildpack-stack=ubuntu-22"
                ],
                "function": [],
                "ingress": [
                  {
                    "rule": [
                      {
                        "component": [
                          {
                            "name": "device-service",
                            "preserve_path_prefix": false,
                            "rewrite": ""
                          }
                        ],
                        "cors": [],
                        "match": [
                          {
                            "authority": [],
                            "path": [
                              {
                                "prefix": "/"
                              }
                            ]
                          }
                        ],
                        "redirect": []
                      }
                    ]
                  }
                ],
                "job": [],
                "maintenance": [],
                "name": "device-service-dev",
                "region": "nyc",
                "service": [
                  {
                    "alert": [],
                    "autoscaling": [],
                    "bitbucket": [],
                    "build_command": "npm ci \u0026\u0026 npm run build",
                    "cors": [],
                    "dockerfile_path": "",
                    "env": [
                      {
                        "key": "DATABASE_URL",
                        "scope": "RUN_AND_BUILD_TIME",
                        "type": "SECRET",
                        "value": "EV[1:7LuN3au8g06m+1R5gttVGka0XLV5LiOX:g2YZ5ZwtDyTnOSqMwe+beCKiuaimjs33KVzr3kfi9L6eP39YUoF3dOevleiqX/EJN2gGs61TgOftKot02lqMVqeHqBc/Rh9mVNJkdu9+KR/srs9AeCT0yfE+XdZhjz4ML6U=]"
                      },
                      {
                        "key": "JWT_EXPIRES_IN",
                        "scope": "RUN_AND_BUILD_TIME",
                        "type": "",
                        "value": "24"
                      },
                      {
                        "key": "JWT_SECRET",
                        "scope": "RUN_AND_BUILD_TIME",
                        "type": "SECRET",
                        "value": "EV[1:MureNvwG6BZuahMQr4bRq6QCMHQDE3oT:p7XqV5EhujcN7SnY7paNcc+aBVuYOZ8z4GvUMsHZliCYAMpjOL+pgikbf/X6CKigTtqTWbZOFMFevPNCIIHhe5gOF4lDqwtS/PBHtdQ=]"
                      }
                    ],
                    "environment_slug": "",
                    "git": [],
                    "github": [
                      {
                        "branch": "main",
                        "deploy_on_push": false,
                        "repo": "vicmee76/campus-device-loan-system"
                      }
                    ],
                    "gitlab": [],
                    "health_check": [
                      {
                        "failure_threshold": 0,
                        "http_path": "/health",
                        "initial_delay_seconds": 0,
                        "period_seconds": 0,
                        "port": 0,
                        "success_threshold": 0,
                        "timeout_seconds": 0
                      }
                    ],
                    "http_port": 8080,
                    "image": [],
                    "instance_count": 1,
                    "instance_size_slug": "basic-xxs",
                    "internal_ports": [],
                    "log_destination": [],
                    "name": "device-service",
                    "routes": [],
                    "run_command": "npm start",
                    "source_dir": "backend/device-service",
                    "termination": []
                  }
                ],
                "static_site": [],
                "vpc": [],
                "worker": []
              }
            ],
            "timeouts": null,
            "updated_at": "2025-12-19 14:52:58 +0000 UTC",
            "urn": "do:app:0fe7336c-f21f-44b3-887b-c4e7e242fa67"
          },
          "sensitive_attributes": [
            [
              {
                "type": "get_attr",
                "value": "spec"
              },
              {
                "type": "index",
                "value": {
                  "value": 0,
                  "type": "number"
                }
              },
              {
                "type": "get_attr",
                "value": "service"
              },
              {
                "type": "index",
                "value": {
                  "value": 0,
                  "type": "number"
                }
              },
              {
                "type": "get_attr",
                "value": "env"
              }
            ]
          ],
          "private": "eyJlMmJmYjczMC1lY2FhLTExZTYtOGY4OC0zNDM2M2JjN2M0YzAiOnsiY3JlYXRlIjoxODAwMDAwMDAwMDAwfX0="
        }
      ]
    },
    {
      "mode": "managed",
      "type": "digitalocean_app",
      "name": "frontend",
      "provider": "provider[\"registry.terraform.io/digitalocean/digitalocean\"]",
      "instances": [
        {
          "schema_version": 0,
          "attributes": {
            "active_deployment_id": "8e962ec4-a05a-4dc1-80e7-50343eecf805",
            "created_at": "2025-12-19 14:53:00 +0000 UTC",
            "dedicated_ips": null,
            "default_ingress": "https://campus-frontend-dev-kfzw3.ondigitalocean.app",
            "deployment_per_page": 20,
            "id": "8ca573e6-d3e0-4ecb-a60b-6d05131af2f2",
            "live_domain": "campus-frontend-dev-kfzw3.ondigitalocean.app",
            "live_url": "https://campus-frontend-dev-kfzw3.ondigitalocean.app",
            "project_id": "de71291b-087c-4b77-bd26-16f21849f256",
            "spec": [
              {
                "alert": [],
                "database": [],
                "disable_edge_cache": false,
                "disable_email_obfuscation": false,
                "domain": [],
                "domains": [],
                "egress": [],
                "enhanced_threat_control_enabled": false,
                "env": [],
                "features": [
                  "buildpack-stack=ubuntu-22"
                ],
                "function": [],
                "ingress": [
                  {
                    "rule": [
                      {
                        "component": [
                          {
                            "name": "frontend",
                            "preserve_path_prefix": false,
                            "rewrite": ""
                          }
                        ],
                        "cors": [],
                        "match": [
                          {
                            "authority": [],
                            "path": [
                              {
                                "prefix": "/"
                              }
                            ]
                          }
                        ],
                        "redirect": []
                      }
                    ]
                  }
                ],
                "job": [],
                "maintenance": [],
                "name": "campus-frontend-dev",
                "region": "nyc",
                "service": [
                  {
                    "alert": [],
                    "autoscaling": [],
                    "bitbucket": [],
                    "build_command": "npm ci \u0026\u0026 npm run build",
                    "cors": [],
                    "dockerfile_path": "",
                    "env": [
                      {
                        "key": "NEXT_PUBLIC_DEVICE_SERVICE_URL",
                        "scope": "RUN_AND_BUILD_TIME",
                        "type": "",
                        "value": "https://device-service-dev-hdpuf.ondigitalocean.app"
                      },
                      {
                        "key": "NEXT_PUBLIC_LOAN_SERVICE_URL",
                        "scope": "RUN_AND_BUILD_TIME",
                        "type": "",
                        "value": "https://loan-service-dev-pl9od.ondigitalocean.app"
                      }
                    ],
                    "environment_slug": "",
                    "git": [],
                    "github": [
                      {
                        "branch": "main",
                        "deploy_on_push": false,
                        "repo": "vicmee76/campus-device-loan-system"
                      }
                    ],
                    "gitlab": [],
                    "health_check": [],
                    "http_port": 8080,
                    "image": [],
                    "instance_count": 1,
                    "instance_size_slug": "basic-xxs",
                    "internal_ports": [],
                    "log_destination": [],
                    "name": "frontend",
                    "routes": [],
                    "run_command": "npm start",
                    "source_dir": "frontend",
                    "termination": []
                  }
                ],
                "static_site": [],
                "vpc": [],
                "worker": []
              }
            ],
            "timeouts": null,
            "updated_at": "2025-12-19 14:58:46 +0000 UTC",
            "urn": "do:app:8ca573e6-d3e0-4ecb-a60b-6d05131af2f2"
          },
          "sensitive_attributes": [],
          "private": "eyJlMmJmYjczMC1lY2FhLTExZTYtOGY4OC0zNDM2M2JjN2M0YzAiOnsiY3JlYXRlIjoxODAwMDAwMDAwMDAwfX0=",
          "dependencies": [
            "digitalocean_app.device",
            "digitalocean_app.loan"
          ]
        }
      ]
    },
    {
      "mode": "managed",
      "type": "digitalocean_app",
      "name": "loan",
      "provider": "provider[\"registry.terraform.io/digitalocean/digitalocean\"]",
      "instances": [
        {
          "schema_version": 0,
          "attributes": {
            "active_deployment_id": "b72a14a9-0529-4e7c-a7b4-fbf1b0052f49",
            "created_at": "2025-12-19 14:50:08 +0000 UTC",
            "dedicated_ips": null,
            "default_ingress": "https://loan-service-dev-pl9od.ondigitalocean.app",
            "deployment_per_page": 20,
            "id": "a0bc7736-d2ac-45ed-817f-24c8e8b824b0",
            "live_domain": "loan-service-dev-pl9od.ondigitalocean.app",
            "live_url": "https://loan-service-dev-pl9od.ondigitalocean.app",
            "project_id": "de71291b-087c-4b77-bd26-16f21849f256",
            "spec": [
              {
                "alert": [],
                "database": [],
                "disable_edge_cache": false,
                "disable_email_obfuscation": false,
                "domain": [],
                "domains": [],
                "egress": [],
                "enhanced_threat_control_enabled": false,
                "env": [],
                "features": [
                  "buildpack-stack=ubuntu-22"
                ],
                "function": [],
                "ingress": [
                  {
                    "rule": [
                      {
                        "component": [
                          {
                            "name": "loan-service",
                            "preserve_path_prefix": false,
                            "rewrite": ""
                          }
                        ],
                        "cors": [],
                        "match": [
                          {
                            "authority": [],
                            "path": [
                              {
                                "prefix": "/"
                              }
                            ]
                          }
                        ],
                        "redirect": []
                      }
                    ]
                  }
                ],
                "job": [],
                "maintenance": [],
                "name": "loan-service-dev",
                "region": "nyc",
                "service": [
                  {
                    "alert": [],
                    "autoscaling": [],
                    "bitbucket": [],
                    "build_command": "npm ci \u0026\u0026 npm run build",
                    "cors": [],
                    "dockerfile_path": "",
                    "env": [
                      {
                        "key": "DATABASE_URL",
                        "scope": "RUN_AND_BUILD_TIME",
                        "type": "SECRET",
                        "value": "EV[1:IBbUd3SZOq3QsFr0M1+o8qYKpkg1hPNa:Y2ARkizXwbrzi91lqvXiD2QMUDgDJruxGjYcTCFTYKa12iua3v+FSKXV2P1d95tdmaidIXcwyZQSvZPRR+QERmRB/uMFGGZR8qPJFUK69cJ524Andb1SqAoFjWLNiE2Pvok=]"
                      },
                      {
                        "key": "JWT_EXPIRES_IN",
                        "scope": "RUN_AND_BUILD_TIME",
                        "type": "",
                        "value": "24"
                      },
                      {
                        "key": "JWT_SECRET",
                        "scope": "RUN_AND_BUILD_TIME",
                        "type": "SECRET",
                        "value": "EV[1:EljksyKhVZ6+q5pmQGkWqLc2CwJ3raLm:/fXwEEkW3yf+knHJJ/U7pl8oJR5URkxAyQI4oxQXcVuBWAb+Kb3GplklOmcnR3QXEcWafwqTNgtynuiXqgav/7Ol2hofinIxzn2d4rw=]"
                      }
                    ],
                    "environment_slug": "",
                    "git": [],
                    "github": [
                      {
                        "branch": "main",
                        "deploy_on_push": false,
                        "repo": "vicmee76/campus-device-loan-system"
                      }
                    ],
                    "gitlab": [],
                    "health_check": [
                      {
                        "failure_threshold": 0,
                        "http_path": "/health",
                        "initial_delay_seconds": 0,
                        "period_seconds": 0,
                        "port": 0,
                        "success_threshold": 0,
                        "timeout_seconds": 0
                      }
                    ],
                    "http_port": 8080,
                    "image": [],
                    "instance_count": 1,
                    "instance_size_slug": "basic-xxs",
                    "internal_ports": [],
                    "log_destination": [],
                    "name": "loan-service",
                    "routes": [],
                    "run_command": "npm start",
                    "source_dir": "backend/loan-service",
                    "termination": []
                  }
                ],
                "static_site": [],
                "vpc": [],
                "worker": []
              }
            ],
            "timeouts": null,
            "updated_at": "2025-12-19 14:52:34 +0000 UTC",
            "urn": "do:app:a0bc7736-d2ac-45ed-817f-24c8e8b824b0"
          },
          "sensitive_attributes": [
            [
              {
                "type": "get_attr",
                "value": "spec"
              },
              {
                "type": "index",
                "value": {
                  "value": 0,
                  "type": "number"
                }
              },
              {
                "type": "get_attr",
                "value": "service"
              },
              {
                "type": "index",
                "value": {
                  "value": 0,
                  "type": "number"
                }
              },
              {
                "type": "get_attr",
                "value": "env"
              }
            ]
          ],
          "private": "eyJlMmJmYjczMC1lY2FhLTExZTYtOGY4OC0zNDM2M2JjN2M0YzAiOnsiY3JlYXRlIjoxODAwMDAwMDAwMDAwfX0="
        }
      ]
    }
  ],
  "check_results": null
}
